
Microsoft Visual Studio Solution File, Format Version 12.00
# Visual Studio Version 17
VisualStudioVersion = 17.4.33122.133
MinimumVisualStudioVersion = 10.0.40219.1
Project("{FAE04EC0-301F-11D3-BF4B-00C04F79EFBC}") = "book class", "book class\book class.csproj", "{05E1C06A-992C-437E-80A3-D8D3720E89EF}"
EndProject
Global
	GlobalSection(SolutionConfigurationPlatforms) = preSolution
		Debug|Any CPU = Debug|Any CPU
		Release|Any CPU = Release|Any CPU
	EndGlobalSection
	GlobalSection(ProjectConfigurationPlatforms) = postSolution
		{05E1C06A-992C-437E-80A3-D8D3720E89EF}.Debug|Any CPU.ActiveCfg = Debug|Any CPU
		{05E1C06A-992C-437E-80A3-D8D3720E89EF}.Debug|Any CPU.Build.0 = Debug|Any CPU
		{05E1C06A-992C-437E-80A3-D8D3720E89EF}.Release|Any CPU.ActiveCfg = Release|Any CPU
		{05E1C06A-992C-437E-80A3-D8D3720E89EF}.Release|Any CPU.Build.0 = Release|Any CPU
	EndGlobalSection
	GlobalSection(SolutionProperties) = preSolution
		HideSolutionNode = FALSE
	EndGlobalSection
	GlobalSection(ExtensibilityGlobals) = postSolution
		SolutionGuid = {4EAF10C5-56BE-43E4-8DAF-CC5C6E40B7FD}
	EndGlobalSection
EndGlobal
